// !$*UTF8*$!
{
	archiveVersion = 1;
	classes = {
	};
	objectVersion = 50;
	objects = {

/* Begin PBXBuildFile section */
		9303FF3723BCD52E0058B143 /* TexturesCombined.c in Sources */ = {isa = PBXBuildFile; fileRef = 9303FF3623BCD52E0058B143 /* TexturesCombined.c */; };
		930E58F623BB9A1600B6911A /* ShadersUniform2.c in Sources */ = {isa = PBXBuildFile; fileRef = 930E58F523BB9A1600B6911A /* ShadersUniform2.c */; };
		930E58F923BB9A8F00B6911A /* HelloTriangle.c in Sources */ = {isa = PBXBuildFile; fileRef = 930E58F823BB9A8F00B6911A /* HelloTriangle.c */; };
		9398273B2136CAE000A77478 /* main.c in Sources */ = {isa = PBXBuildFile; fileRef = 9398273A2136CAE000A77478 /* main.c */; };
		939827492136CBAE00A77478 /* OpenGL.framework in Frameworks */ = {isa = PBXBuildFile; fileRef = 939827482136CBAE00A77478 /* OpenGL.framework */; };
		9398274B2136CBB400A77478 /* libGLEW.dylib in Frameworks */ = {isa = PBXBuildFile; fileRef = 9398274A2136CBB300A77478 /* libGLEW.dylib */; };
		9398274D2136CBBA00A77478 /* libglfw.3.dylib in Frameworks */ = {isa = PBXBuildFile; fileRef = 9398274C2136CBBA00A77478 /* libglfw.3.dylib */; };
		939827552136CFCC00A77478 /* HelloTriangle2.c in Sources */ = {isa = PBXBuildFile; fileRef = 939827542136CFCC00A77478 /* HelloTriangle2.c */; };
		939827582136D27A00A77478 /* KeyCallback.c in Sources */ = {isa = PBXBuildFile; fileRef = 939827572136D27A00A77478 /* KeyCallback.c */; };
		93F3D08223BB8487007C4E28 /* ShadersUniform.c in Sources */ = {isa = PBXBuildFile; fileRef = 93F3D08123BB8487007C4E28 /* ShadersUniform.c */; };
/* End PBXBuildFile section */

/* Begin PBXCopyFilesBuildPhase section */
		939827352136CAE000A77478 /* CopyFiles */ = {
			isa = PBXCopyFilesBuildPhase;
			buildActionMask = 2147483647;
			dstPath = /usr/share/man/man1/;
			dstSubfolderSpec = 0;
			files = (
			);
			runOnlyForDeploymentPostprocessing = 1;
		};
/* End PBXCopyFilesBuildPhase section */

/* Begin PBXFileReference section */
		9303FF3023BCD44A0058B143 /* stb_image.h */ = {isa = PBXFileReference; fileEncoding = 4; lastKnownFileType = sourcecode.c.h; name = stb_image.h; path = LearnOpenGL/3rd/stb_image.h; sourceTree = SOURCE_ROOT; };
		9303FF3523BCD52E0058B143 /* TexturesCombined.h */ = {isa = PBXFileReference; lastKnownFileType = sourcecode.c.h; path = TexturesCombined.h; sourceTree = "<group>"; };
		9303FF3623BCD52E0058B143 /* TexturesCombined.c */ = {isa = PBXFileReference; lastKnownFileType = sourcecode.c.c; path = TexturesCombined.c; sourceTree = "<group>"; };
		9303FF3923BCD6CB0058B143 /* container.jpg */ = {isa = PBXFileReference; lastKnownFileType = image.jpeg; path = container.jpg; sourceTree = "<group>"; };
		930E58F423BB9A1600B6911A /* ShadersUniform2.h */ = {isa = PBXFileReference; lastKnownFileType = sourcecode.c.h; path = ShadersUniform2.h; sourceTree = "<group>"; };
		930E58F523BB9A1600B6911A /* ShadersUniform2.c */ = {isa = PBXFileReference; lastKnownFileType = sourcecode.c.c; path = ShadersUniform2.c; sourceTree = "<group>"; };
		930E58F723BB9A8F00B6911A /* HelloTriangle.h */ = {isa = PBXFileReference; fileEncoding = 4; lastKnownFileType = sourcecode.c.h; name = HelloTriangle.h; path = HelloTriangle/HelloTriangle.h; sourceTree = "<group>"; };
		930E58F823BB9A8F00B6911A /* HelloTriangle.c */ = {isa = PBXFileReference; fileEncoding = 4; lastKnownFileType = sourcecode.c.c; name = HelloTriangle.c; path = HelloTriangle/HelloTriangle.c; sourceTree = "<group>"; };
		939827372136CAE000A77478 /* LearnOpenGL */ = {isa = PBXFileReference; explicitFileType = "compiled.mach-o.executable"; includeInIndex = 0; path = LearnOpenGL; sourceTree = BUILT_PRODUCTS_DIR; };
		9398273A2136CAE000A77478 /* main.c */ = {isa = PBXFileReference; lastKnownFileType = sourcecode.c.c; path = main.c; sourceTree = "<group>"; };
		939827482136CBAE00A77478 /* OpenGL.framework */ = {isa = PBXFileReference; lastKnownFileType = wrapper.framework; name = OpenGL.framework; path = System/Library/Frameworks/OpenGL.framework; sourceTree = SDKROOT; };
		9398274A2136CBB300A77478 /* libGLEW.dylib */ = {isa = PBXFileReference; lastKnownFileType = "compiled.mach-o.dylib"; name = libGLEW.dylib; path = ../../../../../../../usr/local/lib/libGLEW.dylib; sourceTree = "<group>"; };
		9398274C2136CBBA00A77478 /* libglfw.3.dylib */ = {isa = PBXFileReference; lastKnownFileType = "compiled.mach-o.dylib"; name = libglfw.3.dylib; path = ../../../../../../../usr/local/lib/libglfw.3.dylib; sourceTree = "<group>"; };
		939827532136CFCC00A77478 /* HelloTriangle2.h */ = {isa = PBXFileReference; lastKnownFileType = sourcecode.c.h; path = HelloTriangle2.h; sourceTree = "<group>"; };
		939827542136CFCC00A77478 /* HelloTriangle2.c */ = {isa = PBXFileReference; lastKnownFileType = sourcecode.c.c; path = HelloTriangle2.c; sourceTree = "<group>"; };
		939827562136D27A00A77478 /* KeyCallback.h */ = {isa = PBXFileReference; lastKnownFileType = sourcecode.c.h; path = KeyCallback.h; sourceTree = "<group>"; };
		939827572136D27A00A77478 /* KeyCallback.c */ = {isa = PBXFileReference; lastKnownFileType = sourcecode.c.c; path = KeyCallback.c; sourceTree = "<group>"; };
		939827592136D3CF00A77478 /* Common.h */ = {isa = PBXFileReference; lastKnownFileType = sourcecode.c.h; path = Common.h; sourceTree = "<group>"; };
		93F3D08023BB8473007C4E28 /* ShadersUniform.h */ = {isa = PBXFileReference; lastKnownFileType = sourcecode.c.h; path = ShadersUniform.h; sourceTree = "<group>"; };
		93F3D08123BB8487007C4E28 /* ShadersUniform.c */ = {isa = PBXFileReference; lastKnownFileType = sourcecode.c.c; path = ShadersUniform.c; sourceTree = "<group>"; };
/* End PBXFileReference section */

/* Begin PBXFrameworksBuildPhase section */
		939827342136CAE000A77478 /* Frameworks */ = {
			isa = PBXFrameworksBuildPhase;
			buildActionMask = 2147483647;
			files = (
				939827492136CBAE00A77478 /* OpenGL.framework in Frameworks */,
				9398274B2136CBB400A77478 /* libGLEW.dylib in Frameworks */,
				9398274D2136CBBA00A77478 /* libglfw.3.dylib in Frameworks */,
			);
			runOnlyForDeploymentPostprocessing = 0;
		};
/* End PBXFrameworksBuildPhase section */

/* Begin PBXGroup section */
		9303FF2F23BCD4390058B143 /* 3rd */ = {
			isa = PBXGroup;
			children = (
				9303FF3023BCD44A0058B143 /* stb_image.h */,
			);
			name = 3rd;
			path = "New Group";
			sourceTree = "<group>";
		};
		9303FF3423BCD50E0058B143 /* TexturesCombined */ = {
			isa = PBXGroup;
			children = (
				9303FF3523BCD52E0058B143 /* TexturesCombined.h */,
				9303FF3623BCD52E0058B143 /* TexturesCombined.c */,
			);
			path = TexturesCombined;
			sourceTree = "<group>";
		};
		9303FF3823BCD6BE0058B143 /* resources */ = {
			isa = PBXGroup;
			children = (
				934801ED23BCDE37001E33BD /* textures */,
			);
			path = resources;
			sourceTree = "<group>";
		};
		930E58F323BB99DD00B6911A /* ShadersUniform2 */ = {
			isa = PBXGroup;
			children = (
				930E58F423BB9A1600B6911A /* ShadersUniform2.h */,
				930E58F523BB9A1600B6911A /* ShadersUniform2.c */,
			);
			path = ShadersUniform2;
			sourceTree = "<group>";
		};
		934801ED23BCDE37001E33BD /* textures */ = {
			isa = PBXGroup;
			children = (
				9303FF3923BCD6CB0058B143 /* container.jpg */,
			);
			path = textures;
			sourceTree = "<group>";
		};
		9398272E2136CAE000A77478 = {
			isa = PBXGroup;
			children = (
				939827392136CAE000A77478 /* LearnOpenGL */,
				939827382136CAE000A77478 /* Products */,
				939827472136CBAE00A77478 /* Frameworks */,
			);
			sourceTree = "<group>";
		};
		939827382136CAE000A77478 /* Products */ = {
			isa = PBXGroup;
			children = (
				939827372136CAE000A77478 /* LearnOpenGL */,
			);
			name = Products;
			sourceTree = "<group>";
		};
		939827392136CAE000A77478 /* LearnOpenGL */ = {
			isa = PBXGroup;
			children = (
				9398273A2136CAE000A77478 /* main.c */,
				939827562136D27A00A77478 /* KeyCallback.h */,
				939827572136D27A00A77478 /* KeyCallback.c */,
				939827592136D3CF00A77478 /* Common.h */,
				9303FF2F23BCD4390058B143 /* 3rd */,
				9398275C2136DAF800A77478 /* HelloTriangle */,
				939827522136CFB100A77478 /* HelloTriangle2 */,
				9398275A2136DA4600A77478 /* ShadersUniform */,
				930E58F323BB99DD00B6911A /* ShadersUniform2 */,
				9303FF3423BCD50E0058B143 /* TexturesCombined */,
				9303FF3823BCD6BE0058B143 /* resources */,
			);
			path = LearnOpenGL;
			sourceTree = "<group>";
		};
		939827472136CBAE00A77478 /* Frameworks */ = {
			isa = PBXGroup;
			children = (
				9398274C2136CBBA00A77478 /* libglfw.3.dylib */,
				9398274A2136CBB300A77478 /* libGLEW.dylib */,
				939827482136CBAE00A77478 /* OpenGL.framework */,
			);
			name = Frameworks;
			sourceTree = "<group>";
		};
		939827522136CFB100A77478 /* HelloTriangle2 */ = {
			isa = PBXGroup;
			children = (
				939827532136CFCC00A77478 /* HelloTriangle2.h */,
				939827542136CFCC00A77478 /* HelloTriangle2.c */,
			);
			path = HelloTriangle2;
			sourceTree = "<group>";
		};
		9398275A2136DA4600A77478 /* ShadersUniform */ = {
			isa = PBXGroup;
			children = (
				93F3D08023BB8473007C4E28 /* ShadersUniform.h */,
				93F3D08123BB8487007C4E28 /* ShadersUniform.c */,
			);
			path = ShadersUniform;
			sourceTree = "<group>";
		};
		9398275C2136DAF800A77478 /* HelloTriangle */ = {
			isa = PBXGroup;
			children = (
				930E58F723BB9A8F00B6911A /* HelloTriangle.h */,
				930E58F823BB9A8F00B6911A /* HelloTriangle.c */,
			);
			name = HelloTriangle;
			sourceTree = "<group>";
		};
/* End PBXGroup section */

/* Begin PBXNativeTarget section */
		939827362136CAE000A77478 /* LearnOpenGL */ = {
			isa = PBXNativeTarget;
			buildConfigurationList = 9398273E2136CAE000A77478 /* Build configuration list for PBXNativeTarget "LearnOpenGL" */;
			buildPhases = (
				939827332136CAE000A77478 /* Sources */,
				939827342136CAE000A77478 /* Frameworks */,
				939827352136CAE000A77478 /* CopyFiles */,
			);
			buildRules = (
			);
			dependencies = (
			);
			name = LearnOpenGL;
			productName = LearnOpenGL;
			productReference = 939827372136CAE000A77478 /* LearnOpenGL */;
			productType = "com.apple.product-type.tool";
		};
/* End PBXNativeTarget section */

/* Begin PBXProject section */
		9398272F2136CAE000A77478 /* Project object */ = {
			isa = PBXProject;
			attributes = {
				LastUpgradeCheck = 0940;
				ORGANIZATIONNAME = huhu;
				TargetAttributes = {
					939827362136CAE000A77478 = {
						CreatedOnToolsVersion = 9.4.1;
					};
				};
			};
			buildConfigurationList = 939827322136CAE000A77478 /* Build configuration list for PBXProject "LearnOpenGL" */;
			compatibilityVersion = "Xcode 9.3";
			developmentRegion = en;
			hasScannedForEncodings = 0;
			knownRegions = (
				en,
			);
			mainGroup = 9398272E2136CAE000A77478;
			productRefGroup = 939827382136CAE000A77478 /* Products */;
			projectDirPath = "";
			projectRoot = "";
			targets = (
				939827362136CAE000A77478 /* LearnOpenGL */,
			);
		};
/* End PBXProject section */

/* Begin PBXSourcesBuildPhase section */
		939827332136CAE000A77478 /* Sources */ = {
			isa = PBXSourcesBuildPhase;
			buildActionMask = 2147483647;
			files = (
				930E58F623BB9A1600B6911A /* ShadersUniform2.c in Sources */,
				9303FF3723BCD52E0058B143 /* TexturesCombined.c in Sources */,
				939827582136D27A00A77478 /* KeyCallback.c in Sources */,
				939827552136CFCC00A77478 /* HelloTriangle2.c in Sources */,
				93F3D08223BB8487007C4E28 /* ShadersUniform.c in Sources */,
				930E58F923BB9A8F00B6911A /* HelloTriangle.c in Sources */,
				9398273B2136CAE000A77478 /* main.c in Sources */,
			);
			runOnlyForDeploymentPostprocessing = 0;
		};
/* End PBXSourcesBuildPhase section */

/* Begin XCBuildConfiguration section */
		9398273C2136CAE000A77478 /* Debug */ = {
			isa = XCBuildConfiguration;
			buildSettings = {
				ALWAYS_SEARCH_USER_PATHS = NO;
				CLANG_ANALYZER_NONNULL = YES;
				CLANG_ANALYZER_NUMBER_OBJECT_CONVERSION = YES_AGGRESSIVE;
				CLANG_CXX_LANGUAGE_STANDARD = "gnu++14";
				CLANG_CXX_LIBRARY = "libc++";
				CLANG_ENABLE_MODULES = YES;
				CLANG_ENABLE_OBJC_ARC = YES;
				CLANG_ENABLE_OBJC_WEAK = YES;
				CLANG_WARN_BLOCK_CAPTURE_AUTORELEASING = YES;
				CLANG_WARN_BOOL_CONVERSION = YES;
				CLANG_WARN_COMMA = YES;
				CLANG_WARN_CONSTANT_CONVERSION = YES;
				CLANG_WARN_DEPRECATED_OBJC_IMPLEMENTATIONS = YES;
				CLANG_WARN_DIRECT_OBJC_ISA_USAGE = YES_ERROR;
				CLANG_WARN_DOCUMENTATION_COMMENTS = YES;
				CLANG_WARN_EMPTY_BODY = YES;
				CLANG_WARN_ENUM_CONVERSION = YES;
				CLANG_WARN_INFINITE_RECURSION = YES;
				CLANG_WARN_INT_CONVERSION = YES;
				CLANG_WARN_NON_LITERAL_NULL_CONVERSION = YES;
				CLANG_WARN_OBJC_IMPLICIT_RETAIN_SELF = YES;
				CLANG_WARN_OBJC_LITERAL_CONVERSION = YES;
				CLANG_WARN_OBJC_ROOT_CLASS = YES_ERROR;
				CLANG_WARN_RANGE_LOOP_ANALYSIS = YES;
				CLANG_WARN_STRICT_PROTOTYPES = YES;
				CLANG_WARN_SUSPICIOUS_MOVE = YES;
				CLANG_WARN_UNGUARDED_AVAILABILITY = YES_AGGRESSIVE;
				CLANG_WARN_UNREACHABLE_CODE = YES;
				CLANG_WARN__DUPLICATE_METHOD_MATCH = YES;
				CODE_SIGN_IDENTITY = "-";
				COPY_PHASE_STRIP = NO;
				DEBUG_INFORMATION_FORMAT = dwarf;
				ENABLE_STRICT_OBJC_MSGSEND = YES;
				ENABLE_TESTABILITY = YES;
				GCC_C_LANGUAGE_STANDARD = gnu11;
				GCC_DYNAMIC_NO_PIC = NO;
				GCC_NO_COMMON_BLOCKS = YES;
				GCC_OPTIMIZATION_LEVEL = 0;
				GCC_PREPROCESSOR_DEFINITIONS = (
					"DEBUG=1",
					"$(inherited)",
				);
				GCC_WARN_64_TO_32_BIT_CONVERSION = YES;
				GCC_WARN_ABOUT_RETURN_TYPE = YES_ERROR;
				GCC_WARN_UNDECLARED_SELECTOR = YES;
				GCC_WARN_UNINITIALIZED_AUTOS = YES_AGGRESSIVE;
				GCC_WARN_UNUSED_FUNCTION = YES;
				GCC_WARN_UNUSED_VARIABLE = YES;
				MACOSX_DEPLOYMENT_TARGET = 10.13;
				MTL_ENABLE_DEBUG_INFO = YES;
				ONLY_ACTIVE_ARCH = YES;
				SDKROOT = macosx;
			};
			name = Debug;
		};
		9398273D2136CAE000A77478 /* Release */ = {
			isa = XCBuildConfiguration;
			buildSettings = {
				ALWAYS_SEARCH_USER_PATHS = NO;
				CLANG_ANALYZER_NONNULL = YES;
				CLANG_ANALYZER_NUMBER_OBJECT_CONVERSION = YES_AGGRESSIVE;
				CLANG_CXX_LANGUAGE_STANDARD = "gnu++14";
				CLANG_CXX_LIBRARY = "libc++";
				CLANG_ENABLE_MODULES = YES;
				CLANG_ENABLE_OBJC_ARC = YES;
				CLANG_ENABLE_OBJC_WEAK = YES;
				CLANG_WARN_BLOCK_CAPTURE_AUTORELEASING = YES;
				CLANG_WARN_BOOL_CONVERSION = YES;
				CLANG_WARN_COMMA = YES;
				CLANG_WARN_CONSTANT_CONVERSION = YES;
				CLANG_WARN_DEPRECATED_OBJC_IMPLEMENTATIONS = YES;
				CLANG_WARN_DIRECT_OBJC_ISA_USAGE = YES_ERROR;
				CLANG_WARN_DOCUMENTATION_COMMENTS = YES;
				CLANG_WARN_EMPTY_BODY = YES;
				CLANG_WARN_ENUM_CONVERSION = YES;
				CLANG_WARN_INFINITE_RECURSION = YES;
				CLANG_WARN_INT_CONVERSION = YES;
				CLANG_WARN_NON_LITERAL_NULL_CONVERSION = YES;
				CLANG_WARN_OBJC_IMPLICIT_RETAIN_SELF = YES;
				CLANG_WARN_OBJC_LITERAL_CONVERSION = YES;
				CLANG_WARN_OBJC_ROOT_CLASS = YES_ERROR;
				CLANG_WARN_RANGE_LOOP_ANALYSIS = YES;
				CLANG_WARN_STRICT_PROTOTYPES = YES;
				CLANG_WARN_SUSPICIOUS_MOVE = YES;
				CLANG_WARN_UNGUARDED_AVAILABILITY = YES_AGGRESSIVE;
				CLANG_WARN_UNREACHABLE_CODE = YES;
				CLANG_WARN__DUPLICATE_METHOD_MATCH = YES;
				CODE_SIGN_IDENTITY = "-";
				COPY_PHASE_STRIP = NO;
				DEBUG_INFORMATION_FORMAT = "dwarf-with-dsym";
				ENABLE_NS_ASSERTIONS = NO;
				ENABLE_STRICT_OBJC_MSGSEND = YES;
				GCC_C_LANGUAGE_STANDARD = gnu11;
				GCC_NO_COMMON_BLOCKS = YES;
				GCC_WARN_64_TO_32_BIT_CONVERSION = YES;
				GCC_WARN_ABOUT_RETURN_TYPE = YES_ERROR;
				GCC_WARN_UNDECLARED_SELECTOR = YES;
				GCC_WARN_UNINITIALIZED_AUTOS = YES_AGGRESSIVE;
				GCC_WARN_UNUSED_FUNCTION = YES;
				GCC_WARN_UNUSED_VARIABLE = YES;
				MACOSX_DEPLOYMENT_TARGET = 10.13;
				MTL_ENABLE_DEBUG_INFO = NO;
				SDKROOT = macosx;
			};
			name = Release;
		};
		9398273F2136CAE000A77478 /* Debug */ = {
			isa = XCBuildConfiguration;
			buildSettings = {
				CLANG_ENABLE_MODULES = NO;
				CODE_SIGN_STYLE = Manual;
				DEVELOPMENT_TEAM = "";
				HEADER_SEARCH_PATHS = "/usr/local/include/**";
				LIBRARY_SEARCH_PATHS = "/usr/local/lib/**";
				PRODUCT_NAME = "$(TARGET_NAME)";
				PROVISIONING_PROFILE_SPECIFIER = "";
			};
			name = Debug;
		};
		939827402136CAE000A77478 /* Release */ = {
			isa = XCBuildConfiguration;
			buildSettings = {
				CLANG_ENABLE_MODULES = NO;
				CODE_SIGN_STYLE = Manual;
				DEVELOPMENT_TEAM = "";
				HEADER_SEARCH_PATHS = "/usr/local/include/**";
				LIBRARY_SEARCH_PATHS = "/usr/local/lib/**";
				PRODUCT_NAME = "$(TARGET_NAME)";
				PROVISIONING_PROFILE_SPECIFIER = "";
			};
			name = Release;
		};
/* End XCBuildConfiguration section */

/* Begin XCConfigurationList section */
		939827322136CAE000A77478 /* Build configuration list for PBXProject "LearnOpenGL" */ = {
			isa = XCConfigurationList;
			buildConfigurations = (
				9398273C2136CAE000A77478 /* Debug */,
				9398273D2136CAE000A77478 /* Release */,
			);
			defaultConfigurationIsVisible = 0;
			defaultConfigurationName = Release;
		};
		9398273E2136CAE000A77478 /* Build configuration list for PBXNativeTarget "LearnOpenGL" */ = {
			isa = XCConfigurationList;
			buildConfigurations = (
				9398273F2136CAE000A77478 /* Debug */,
				939827402136CAE000A77478 /* Release */,
			);
			defaultConfigurationIsVisible = 0;
			defaultConfigurationName = Release;
		};
/* End XCConfigurationList section */
	};
	rootObject = 9398272F2136CAE000A77478 /* Project object */;
}
